
Microsoft Visual Studio Solution File, Format Version 12.00
# Visual Studio Version 17
VisualStudioVersion = 17.0.31903.59
MinimumVisualStudioVersion = 10.0.40219.1
Project("{FAE04EC0-301F-11D3-BF4B-00C04F79EFBC}") = "ReadingList.Api", "ReadingList.Api\ReadingList.Api.csproj", "{F6536374-EBA9-44EE-BC4E-D090103BA8F6}"
EndProject
Project("{FAE04EC0-301F-11D3-BF4B-00C04F79EFBC}") = "ReadingList.Api.Tests", "ReadingList.Api.Tests\ReadingList.Api.Tests.csproj", "{9BD1903E-F4BA-4337-B6B4-A7B66C574D53}"
EndProject
Global
	GlobalSection(SolutionConfigurationPlatforms) = preSolution
		Debug|Any CPU = Debug|Any CPU
		Debug|x64 = Debug|x64
		Debug|x86 = Debug|x86
		Release|Any CPU = Release|Any CPU
		Release|x64 = Release|x64
		Release|x86 = Release|x86
	EndGlobalSection
	GlobalSection(ProjectConfigurationPlatforms) = postSolution
		{F6536374-EBA9-44EE-BC4E-D090103BA8F6}.Debug|Any CPU.ActiveCfg = Debug|Any CPU
		{F6536374-EBA9-44EE-BC4E-D090103BA8F6}.Debug|Any CPU.Build.0 = Debug|Any CPU
		{F6536374-EBA9-44EE-BC4E-D090103BA8F6}.Debug|x64.ActiveCfg = Debug|Any CPU
		{F6536374-EBA9-44EE-BC4E-D090103BA8F6}.Debug|x64.Build.0 = Debug|Any CPU
		{F6536374-EBA9-44EE-BC4E-D090103BA8F6}.Debug|x86.ActiveCfg = Debug|Any CPU
		{F6536374-EBA9-44EE-BC4E-D090103BA8F6}.Debug|x86.Build.0 = Debug|Any CPU
		{F6536374-EBA9-44EE-BC4E-D090103BA8F6}.Release|Any CPU.ActiveCfg = Release|Any CPU
		{F6536374-EBA9-44EE-BC4E-D090103BA8F6}.Release|Any CPU.Build.0 = Release|Any CPU
		{F6536374-EBA9-44EE-BC4E-D090103BA8F6}.Release|x64.ActiveCfg = Release|Any CPU
		{F6536374-EBA9-44EE-BC4E-D090103BA8F6}.Release|x64.Build.0 = Release|Any CPU
		{F6536374-EBA9-44EE-BC4E-D090103BA8F6}.Release|x86.ActiveCfg = Release|Any CPU
		{F6536374-EBA9-44EE-BC4E-D090103BA8F6}.Release|x86.Build.0 = Release|Any CPU
		{9BD1903E-F4BA-4337-B6B4-A7B66C574D53}.Debug|Any CPU.ActiveCfg = Debug|Any CPU
		{9BD1903E-F4BA-4337-B6B4-A7B66C574D53}.Debug|Any CPU.Build.0 = Debug|Any CPU
		{9BD1903E-F4BA-4337-B6B4-A7B66C574D53}.Debug|x64.ActiveCfg = Debug|Any CPU
		{9BD1903E-F4BA-4337-B6B4-A7B66C574D53}.Debug|x64.Build.0 = Debug|Any CPU
		{9BD1903E-F4BA-4337-B6B4-A7B66C574D53}.Debug|x86.ActiveCfg = Debug|Any CPU
		{9BD1903E-F4BA-4337-B6B4-A7B66C574D53}.Debug|x86.Build.0 = Debug|Any CPU
		{9BD1903E-F4BA-4337-B6B4-A7B66C574D53}.Release|Any CPU.ActiveCfg = Release|Any CPU
		{9BD1903E-F4BA-4337-B6B4-A7B66C574D53}.Release|Any CPU.Build.0 = Release|Any CPU
		{9BD1903E-F4BA-4337-B6B4-A7B66C574D53}.Release|x64.ActiveCfg = Release|Any CPU
		{9BD1903E-F4BA-4337-B6B4-A7B66C574D53}.Release|x64.Build.0 = Release|Any CPU
		{9BD1903E-F4BA-4337-B6B4-A7B66C574D53}.Release|x86.ActiveCfg = Release|Any CPU
		{9BD1903E-F4BA-4337-B6B4-A7B66C574D53}.Release|x86.Build.0 = Release|Any CPU
	EndGlobalSection
	GlobalSection(SolutionProperties) = preSolution
		HideSolutionNode = FALSE
	EndGlobalSection
EndGlobal
